
Microsoft Visual Studio Solution File, Format Version 12.00
# Visual Studio Version 17
VisualStudioVersion = 17.8.34601.278
MinimumVisualStudioVersion = 10.0.40219.1
Project("{9A19103F-16F7-4668-BE54-9A1E7A4F7556}") = "OrderMicroService.API", "OrderMicroService.API\OrderMicroService.API.csproj", "{A54FBD57-D472-4AE8-B261-44F5AF679238}"
EndProject
Project("{9A19103F-16F7-4668-BE54-9A1E7A4F7556}") = "OrderMicroService.BLL", "OrdreService.BLL\OrderMicroService.BLL.csproj", "{4633744F-009D-479A-80C9-3866B8E06F5A}"
EndProject
Project("{9A19103F-16F7-4668-BE54-9A1E7A4F7556}") = "OrderMicroService.DAL", "OrderService.DAL\OrderMicroService.DAL.csproj", "{5B416222-00B9-49E8-BB5F-308154336A85}"
EndProject
Project("{E53339B2-1760-4266-BCC7-CA923CBCF16C}") = "docker-compose", "docker-compose.dcproj", "{6B3A8974-F227-4B42-B8D3-01CA21018010}"
EndProject
Project("{9A19103F-16F7-4668-BE54-9A1E7A4F7556}") = "APIGateway", "APIGateway\APIGateway.csproj", "{3BDA7F8B-DF67-4E4F-91B1-7AE97EC66F45}"
EndProject
Project("{FAE04EC0-301F-11D3-BF4B-00C04F79EFBC}") = "OrdersUnitTests", "..\OrdersUnitTests\OrdersUnitTests.csproj", "{CF811FB9-2957-4E24-BD23-41C5D86179F0}"
EndProject
Global
	GlobalSection(SolutionConfigurationPlatforms) = preSolution
		Debug|Any CPU = Debug|Any CPU
		Release|Any CPU = Release|Any CPU
	EndGlobalSection
	GlobalSection(ProjectConfigurationPlatforms) = postSolution
		{A54FBD57-D472-4AE8-B261-44F5AF679238}.Debug|Any CPU.ActiveCfg = Debug|Any CPU
		{A54FBD57-D472-4AE8-B261-44F5AF679238}.Debug|Any CPU.Build.0 = Debug|Any CPU
		{A54FBD57-D472-4AE8-B261-44F5AF679238}.Release|Any CPU.ActiveCfg = Release|Any CPU
		{A54FBD57-D472-4AE8-B261-44F5AF679238}.Release|Any CPU.Build.0 = Release|Any CPU
		{4633744F-009D-479A-80C9-3866B8E06F5A}.Debug|Any CPU.ActiveCfg = Debug|Any CPU
		{4633744F-009D-479A-80C9-3866B8E06F5A}.Debug|Any CPU.Build.0 = Debug|Any CPU
		{4633744F-009D-479A-80C9-3866B8E06F5A}.Release|Any CPU.ActiveCfg = Release|Any CPU
		{4633744F-009D-479A-80C9-3866B8E06F5A}.Release|Any CPU.Build.0 = Release|Any CPU
		{5B416222-00B9-49E8-BB5F-308154336A85}.Debug|Any CPU.ActiveCfg = Debug|Any CPU
		{5B416222-00B9-49E8-BB5F-308154336A85}.Debug|Any CPU.Build.0 = Debug|Any CPU
		{5B416222-00B9-49E8-BB5F-308154336A85}.Release|Any CPU.ActiveCfg = Release|Any CPU
		{5B416222-00B9-49E8-BB5F-308154336A85}.Release|Any CPU.Build.0 = Release|Any CPU
		{6B3A8974-F227-4B42-B8D3-01CA21018010}.Debug|Any CPU.ActiveCfg = Debug|Any CPU
		{6B3A8974-F227-4B42-B8D3-01CA21018010}.Debug|Any CPU.Build.0 = Debug|Any CPU
		{6B3A8974-F227-4B42-B8D3-01CA21018010}.Release|Any CPU.ActiveCfg = Release|Any CPU
		{6B3A8974-F227-4B42-B8D3-01CA21018010}.Release|Any CPU.Build.0 = Release|Any CPU
		{3BDA7F8B-DF67-4E4F-91B1-7AE97EC66F45}.Debug|Any CPU.ActiveCfg = Debug|Any CPU
		{3BDA7F8B-DF67-4E4F-91B1-7AE97EC66F45}.Debug|Any CPU.Build.0 = Debug|Any CPU
		{3BDA7F8B-DF67-4E4F-91B1-7AE97EC66F45}.Release|Any CPU.ActiveCfg = Release|Any CPU
		{3BDA7F8B-DF67-4E4F-91B1-7AE97EC66F45}.Release|Any CPU.Build.0 = Release|Any CPU
		{CF811FB9-2957-4E24-BD23-41C5D86179F0}.Debug|Any CPU.ActiveCfg = Debug|Any CPU
		{CF811FB9-2957-4E24-BD23-41C5D86179F0}.Debug|Any CPU.Build.0 = Debug|Any CPU
		{CF811FB9-2957-4E24-BD23-41C5D86179F0}.Release|Any CPU.ActiveCfg = Release|Any CPU
		{CF811FB9-2957-4E24-BD23-41C5D86179F0}.Release|Any CPU.Build.0 = Release|Any CPU
	EndGlobalSection
	GlobalSection(SolutionProperties) = preSolution
		HideSolutionNode = FALSE
	EndGlobalSection
	GlobalSection(ExtensibilityGlobals) = postSolution
		SolutionGuid = {245743A8-B497-4E72-AE86-4F6C85C1778C}
	EndGlobalSection
EndGlobal
